
Microsoft Visual Studio Solution File, Format Version 12.00
# Visual Studio Version 17
VisualStudioVersion = 17.14.36202.13 d17.14
MinimumVisualStudioVersion = 10.0.40219.1
Project("{FAE04EC0-301F-11D3-BF4B-00C04F79EFBC}") = "WindowsFormsApp4", "WindowsFormsApp4\WindowsFormsApp4.csproj", "{4842A253-A33C-4315-862C-87FC408AFB63}"
EndProject
Global
	GlobalSection(SolutionConfigurationPlatforms) = preSolution
		Debug|Any CPU = Debug|Any CPU
		Release|Any CPU = Release|Any CPU
	EndGlobalSection
	GlobalSection(ProjectConfigurationPlatforms) = postSolution
		{4842A253-A33C-4315-862C-87FC408AFB63}.Debug|Any CPU.ActiveCfg = Debug|Any CPU
		{4842A253-A33C-4315-862C-87FC408AFB63}.Debug|Any CPU.Build.0 = Debug|Any CPU
		{4842A253-A33C-4315-862C-87FC408AFB63}.Release|Any CPU.ActiveCfg = Release|Any CPU
		{4842A253-A33C-4315-862C-87FC408AFB63}.Release|Any CPU.Build.0 = Release|Any CPU
	EndGlobalSection
	GlobalSection(SolutionProperties) = preSolution
		HideSolutionNode = FALSE
	EndGlobalSection
	GlobalSection(ExtensibilityGlobals) = postSolution
		SolutionGuid = {ED130BF3-A0EE-434E-A295-C7686084D9F7}
	EndGlobalSection
EndGlobal
